// !$*UTF8*$!
{
	archiveVersion = 1;
	classes = {
	};
	objectVersion = 50;
	objects = {

/* Begin PBXBuildFile section */
		BCFC32C324A665BD00F761DC /* AppDelegate.swift in Sources */ = {isa = PBXBuildFile; fileRef = BCFC32C224A665BD00F761DC /* AppDelegate.swift */; };
		BCFC32C524A665BD00F761DC /* SceneDelegate.swift in Sources */ = {isa = PBXBuildFile; fileRef = BCFC32C424A665BD00F761DC /* SceneDelegate.swift */; };
		BCFC32C724A665BD00F761DC /* ViewController.swift in Sources */ = {isa = PBXBuildFile; fileRef = BCFC32C624A665BD00F761DC /* ViewController.swift */; };
		BCFC32CA24A665BD00F761DC /* Main.storyboard in Resources */ = {isa = PBXBuildFile; fileRef = BCFC32C824A665BD00F761DC /* Main.storyboard */; };
		BCFC32CC24A665BF00F761DC /* Assets.xcassets in Resources */ = {isa = PBXBuildFile; fileRef = BCFC32CB24A665BF00F761DC /* Assets.xcassets */; };
		BCFC32CF24A665BF00F761DC /* LaunchScreen.storyboard in Resources */ = {isa = PBXBuildFile; fileRef = BCFC32CD24A665BF00F761DC /* LaunchScreen.storyboard */; };
		BCFC32D824A67F3300F761DC /* art.scnassets in Resources */ = {isa = PBXBuildFile; fileRef = BCFC32D724A67F3300F761DC /* art.scnassets */; };
/* End PBXBuildFile section */

/* Begin PBXFileReference section */
		BCFC32BF24A665BD00F761DC /* ARSolarSystemApp.app */ = {isa = PBXFileReference; explicitFileType = wrapper.application; includeInIndex = 0; path = ARSolarSystemApp.app; sourceTree = BUILT_PRODUCTS_DIR; };
		BCFC32C224A665BD00F761DC /* AppDelegate.swift */ = {isa = PBXFileReference; lastKnownFileType = sourcecode.swift; path = AppDelegate.swift; sourceTree = "<group>"; };
		BCFC32C424A665BD00F761DC /* SceneDelegate.swift */ = {isa = PBXFileReference; lastKnownFileType = sourcecode.swift; path = SceneDelegate.swift; sourceTree = "<group>"; };
		BCFC32C624A665BD00F761DC /* ViewController.swift */ = {isa = PBXFileReference; lastKnownFileType = sourcecode.swift; path = ViewController.swift; sourceTree = "<group>"; };
		BCFC32C924A665BD00F761DC /* Base */ = {isa = PBXFileReference; lastKnownFileType = file.storyboard; name = Base; path = Base.lproj/Main.storyboard; sourceTree = "<group>"; };
		BCFC32CB24A665BF00F761DC /* Assets.xcassets */ = {isa = PBXFileReference; lastKnownFileType = folder.assetcatalog; path = Assets.xcassets; sourceTree = "<group>"; };
		BCFC32CE24A665BF00F761DC /* Base */ = {isa = PBXFileReference; lastKnownFileType = file.storyboard; name = Base; path = Base.lproj/LaunchScreen.storyboard; sourceTree = "<group>"; };
		BCFC32D024A665BF00F761DC /* Info.plist */ = {isa = PBXFileReference; lastKnownFileType = text.plist.xml; path = Info.plist; sourceTree = "<group>"; };
		BCFC32D724A67F3300F761DC /* art.scnassets */ = {isa = PBXFileReference; lastKnownFileType = wrapper.scnassets; path = art.scnassets; sourceTree = "<group>"; };
/* End PBXFileReference section */

/* Begin PBXFrameworksBuildPhase section */
		BCFC32BC24A665BD00F761DC /* Frameworks */ = {
			isa = PBXFrameworksBuildPhase;
			buildActionMask = 2147483647;
			files = (
			);
			runOnlyForDeploymentPostprocessing = 0;
		};
/* End PBXFrameworksBuildPhase section */

/* Begin PBXGroup section */
		BCFC32B624A665BD00F761DC = {
			isa = PBXGroup;
			children = (
				BCFC32C124A665BD00F761DC /* ARSolarSystemApp */,
				BCFC32C024A665BD00F761DC /* Products */,
			);
			sourceTree = "<group>";
		};
		BCFC32C024A665BD00F761DC /* Products */ = {
			isa = PBXGroup;
			children = (
				BCFC32BF24A665BD00F761DC /* ARSolarSystemApp.app */,
			);
			name = Products;
			sourceTree = "<group>";
		};
		BCFC32C124A665BD00F761DC /* ARSolarSystemApp */ = {
			isa = PBXGroup;
			children = (
				BCFC32C224A665BD00F761DC /* AppDelegate.swift */,
				BCFC32C424A665BD00F761DC /* SceneDelegate.swift */,
				BCFC32C624A665BD00F761DC /* ViewController.swift */,
				BCFC32C824A665BD00F761DC /* Main.storyboard */,
				BCFC32CB24A665BF00F761DC /* Assets.xcassets */,
				BCFC32CD24A665BF00F761DC /* LaunchScreen.storyboard */,
				BCFC32D024A665BF00F761DC /* Info.plist */,
				BCFC32D724A67F3300F761DC /* art.scnassets */,
			);
			path = ARSolarSystemApp;
			sourceTree = "<group>";
		};
/* End PBXGroup section */

/* Begin PBXNativeTarget section */
		BCFC32BE24A665BD00F761DC /* ARSolarSystemApp */ = {
			isa = PBXNativeTarget;
			buildConfigurationList = BCFC32D324A665BF00F761DC /* Build configuration list for PBXNativeTarget "ARSolarSystemApp" */;
			buildPhases = (
				BCFC32BB24A665BD00F761DC /* Sources */,
				BCFC32BC24A665BD00F761DC /* Frameworks */,
				BCFC32BD24A665BD00F761DC /* Resources */,
			);
			buildRules = (
			);
			dependencies = (
			);
			name = ARSolarSystemApp;
			productName = ARBallApp;
			productReference = BCFC32BF24A665BD00F761DC /* ARSolarSystemApp.app */;
			productType = "com.apple.product-type.application";
		};
/* End PBXNativeTarget section */

/* Begin PBXProject section */
		BCFC32B724A665BD00F761DC /* Project object */ = {
			isa = PBXProject;
			attributes = {
				LastSwiftUpdateCheck = 1150;
				LastUpgradeCheck = 1150;
				ORGANIZATIONNAME = Rathod;
				TargetAttributes = {
					BCFC32BE24A665BD00F761DC = {
						CreatedOnToolsVersion = 11.5;
					};
				};
			};
			buildConfigurationList = BCFC32BA24A665BD00F761DC /* Build configuration list for PBXProject "ARSolarSystemApp" */;
			compatibilityVersion = "Xcode 9.3";
			developmentRegion = en;
			hasScannedForEncodings = 0;
			knownRegions = (
				en,
				Base,
			);
			mainGroup = BCFC32B624A665BD00F761DC;
			productRefGroup = BCFC32C024A665BD00F761DC /* Products */;
			projectDirPath = "";
			projectRoot = "";
			targets = (
				BCFC32BE24A665BD00F761DC /* ARSolarSystemApp */,
			);
		};
/* End PBXProject section */

/* Begin PBXResourcesBuildPhase section */
		BCFC32BD24A665BD00F761DC /* Resources */ = {
			isa = PBXResourcesBuildPhase;
			buildActionMask = 2147483647;
			files = (
				BCFC32CF24A665BF00F761DC /* LaunchScreen.storyboard in Resources */,
				BCFC32D824A67F3300F761DC /* art.scnassets in Resources */,
				BCFC32CC24A665BF00F761DC /* Assets.xcassets in Resources */,
				BCFC32CA24A665BD00F761DC /* Main.storyboard in Resources */,
			);
			runOnlyForDeploymentPostprocessing = 0;
		};
/* End PBXResourcesBuildPhase section */

/* Begin PBXSourcesBuildPhase section */
		BCFC32BB24A665BD00F761DC /* Sources */ = {
			isa = PBXSourcesBuildPhase;
			buildActionMask = 2147483647;
			files = (
				BCFC32C724A665BD00F761DC /* ViewController.swift in Sources */,
				BCFC32C324A665BD00F761DC /* AppDelegate.swift in Sources */,
				BCFC32C524A665BD00F761DC /* SceneDelegate.swift in Sources */,
			);
			runOnlyForDeploymentPostprocessing = 0;
		};
/* End PBXSourcesBuildPhase section */

/* Begin PBXVariantGroup section */
		BCFC32C824A665BD00F761DC /* Main.storyboard */ = {
			isa = PBXVariantGroup;
			children = (
				BCFC32C924A665BD00F761DC /* Base */,
			);
			name = Main.storyboard;
			sourceTree = "<group>";
		};
		BCFC32CD24A665BF00F761DC /* LaunchScreen.storyboard */ = {
			isa = PBXVariantGroup;
			children = (
				BCFC32CE24A665BF00F761DC /* Base */,
			);
			name = LaunchScreen.storyboard;
			sourceTree = "<group>";
		};
/* End PBXVariantGroup section */

/* Begin XCBuildConfiguration section */
		BCFC32D124A665BF00F761DC /* Debug */ = {
			isa = XCBuildConfiguration;
			buildSettings = {
				ALWAYS_SEARCH_USER_PATHS = NO;
				CLANG_ANALYZER_NONNULL = YES;
				CLANG_ANALYZER_NUMBER_OBJECT_CONVERSION = YES_AGGRESSIVE;
				CLANG_CXX_LANGUAGE_STANDARD = "gnu++14";
				CLANG_CXX_LIBRARY = "libc++";
				CLANG_ENABLE_MODULES = YES;
				CLANG_ENABLE_OBJC_ARC = YES;
				CLANG_ENABLE_OBJC_WEAK = YES;
				CLANG_WARN_BLOCK_CAPTURE_AUTORELEASING = YES;
				CLANG_WARN_BOOL_CONVERSION = YES;
				CLANG_WARN_COMMA = YES;
				CLANG_WARN_CONSTANT_CONVERSION = YES;
				CLANG_WARN_DEPRECATED_OBJC_IMPLEMENTATIONS = YES;
				CLANG_WARN_DIRECT_OBJC_ISA_USAGE = YES_ERROR;
				CLANG_WARN_DOCUMENTATION_COMMENTS = YES;
				CLANG_WARN_EMPTY_BODY = YES;
				CLANG_WARN_ENUM_CONVERSION = YES;
				CLANG_WARN_INFINITE_RECURSION = YES;
				CLANG_WARN_INT_CONVERSION = YES;
				CLANG_WARN_NON_LITERAL_NULL_CONVERSION = YES;
				CLANG_WARN_OBJC_IMPLICIT_RETAIN_SELF = YES;
				CLANG_WARN_OBJC_LITERAL_CONVERSION = YES;
				CLANG_WARN_OBJC_ROOT_CLASS = YES_ERROR;
				CLANG_WARN_RANGE_LOOP_ANALYSIS = YES;
				CLANG_WARN_STRICT_PROTOTYPES = YES;
				CLANG_WARN_SUSPICIOUS_MOVE = YES;
				CLANG_WARN_UNGUARDED_AVAILABILITY = YES_AGGRESSIVE;
				CLANG_WARN_UNREACHABLE_CODE = YES;
				CLANG_WARN__DUPLICATE_METHOD_MATCH = YES;
				COPY_PHASE_STRIP = NO;
				DEBUG_INFORMATION_FORMAT = dwarf;
				ENABLE_STRICT_OBJC_MSGSEND = YES;
				ENABLE_TESTABILITY = YES;
				GCC_C_LANGUAGE_STANDARD = gnu11;
				GCC_DYNAMIC_NO_PIC = NO;
				GCC_NO_COMMON_BLOCKS = YES;
				GCC_OPTIMIZATION_LEVEL = 0;
				GCC_PREPROCESSOR_DEFINITIONS = (
					"DEBUG=1",
					"$(inherited)",
				);
				GCC_WARN_64_TO_32_BIT_CONVERSION = YES;
				GCC_WARN_ABOUT_RETURN_TYPE = YES_ERROR;
				GCC_WARN_UNDECLARED_SELECTOR = YES;
				GCC_WARN_UNINITIALIZED_AUTOS = YES_AGGRESSIVE;
				GCC_WARN_UNUSED_FUNCTION = YES;
				GCC_WARN_UNUSED_VARIABLE = YES;
				IPHONEOS_DEPLOYMENT_TARGET = 13.5;
				MTL_ENABLE_DEBUG_INFO = INCLUDE_SOURCE;
				MTL_FAST_MATH = YES;
				ONLY_ACTIVE_ARCH = YES;
				SDKROOT = iphoneos;
				SWIFT_ACTIVE_COMPILATION_CONDITIONS = DEBUG;
				SWIFT_OPTIMIZATION_LEVEL = "-Onone";
			};
			name = Debug;
		};
		BCFC32D224A665BF00F761DC /* Release */ = {
			isa = XCBuildConfiguration;
			buildSettings = {
				ALWAYS_SEARCH_USER_PATHS = NO;
				CLANG_ANALYZER_NONNULL = YES;
				CLANG_ANALYZER_NUMBER_OBJECT_CONVERSION = YES_AGGRESSIVE;
				CLANG_CXX_LANGUAGE_STANDARD = "gnu++14";
				CLANG_CXX_LIBRARY = "libc++";
				CLANG_ENABLE_MODULES = YES;
				CLANG_ENABLE_OBJC_ARC = YES;
				CLANG_ENABLE_OBJC_WEAK = YES;
				CLANG_WARN_BLOCK_CAPTURE_AUTORELEASING = YES;
				CLANG_WARN_BOOL_CONVERSION = YES;
				CLANG_WARN_COMMA = YES;
				CLANG_WARN_CONSTANT_CONVERSION = YES;
				CLANG_WARN_DEPRECATED_OBJC_IMPLEMENTATIONS = YES;
				CLANG_WARN_DIRECT_OBJC_ISA_USAGE = YES_ERROR;
				CLANG_WARN_DOCUMENTATION_COMMENTS = YES;
				CLANG_WARN_EMPTY_BODY = YES;
				CLANG_WARN_ENUM_CONVERSION = YES;
				CLANG_WARN_INFINITE_RECURSION = YES;
				CLANG_WARN_INT_CONVERSION = YES;
				CLANG_WARN_NON_LITERAL_NULL_CONVERSION = YES;
				CLANG_WARN_OBJC_IMPLICIT_RETAIN_SELF = YES;
				CLANG_WARN_OBJC_LITERAL_CONVERSION = YES;
				CLANG_WARN_OBJC_ROOT_CLASS = YES_ERROR;
				CLANG_WARN_RANGE_LOOP_ANALYSIS = YES;
				CLANG_WARN_STRICT_PROTOTYPES = YES;
				CLANG_WARN_SUSPICIOUS_MOVE = YES;
				CLANG_WARN_UNGUARDED_AVAILABILITY = YES_AGGRESSIVE;
				CLANG_WARN_UNREACHABLE_CODE = YES;
				CLANG_WARN__DUPLICATE_METHOD_MATCH = YES;
				COPY_PHASE_STRIP = NO;
				DEBUG_INFORMATION_FORMAT = "dwarf-with-dsym";
				ENABLE_NS_ASSERTIONS = NO;
				ENABLE_STRICT_OBJC_MSGSEND = YES;
				GCC_C_LANGUAGE_STANDARD = gnu11;
				GCC_NO_COMMON_BLOCKS = YES;
				GCC_WARN_64_TO_32_BIT_CONVERSION = YES;
				GCC_WARN_ABOUT_RETURN_TYPE = YES_ERROR;
				GCC_WARN_UNDECLARED_SELECTOR = YES;
				GCC_WARN_UNINITIALIZED_AUTOS = YES_AGGRESSIVE;
				GCC_WARN_UNUSED_FUNCTION = YES;
				GCC_WARN_UNUSED_VARIABLE = YES;
				IPHONEOS_DEPLOYMENT_TARGET = 13.5;
				MTL_ENABLE_DEBUG_INFO = NO;
				MTL_FAST_MATH = YES;
				SDKROOT = iphoneos;
				SWIFT_COMPILATION_MODE = wholemodule;
				SWIFT_OPTIMIZATION_LEVEL = "-O";
				VALIDATE_PRODUCT = YES;
			};
			name = Release;
		};
		BCFC32D424A665BF00F761DC /* Debug */ = {
			isa = XCBuildConfiguration;
			buildSettings = {
				ASSETCATALOG_COMPILER_APPICON_NAME = AppIcon;
				CODE_SIGN_IDENTITY = "Apple Development";
				CODE_SIGN_STYLE = Automatic;
				DEVELOPMENT_TEAM = NNX5YM9G76;
				INFOPLIST_FILE = ARSolarSystemApp/Info.plist;
				LD_RUNPATH_SEARCH_PATHS = (
					"$(inherited)",
					"@executable_path/Frameworks",
				);
				PRODUCT_BUNDLE_IDENTIFIER = com.ARSolarSystemApp;
				PRODUCT_NAME = "$(TARGET_NAME)";
				PROVISIONING_PROFILE_SPECIFIER = "";
				SWIFT_VERSION = 5.0;
				TARGETED_DEVICE_FAMILY = 1;
			};
			name = Debug;
		};
		BCFC32D524A665BF00F761DC /* Release */ = {
			isa = XCBuildConfiguration;
			buildSettings = {
				ASSETCATALOG_COMPILER_APPICON_NAME = AppIcon;
				CODE_SIGN_IDENTITY = "Apple Development";
				CODE_SIGN_STYLE = Automatic;
				DEVELOPMENT_TEAM = NNX5YM9G76;
				INFOPLIST_FILE = ARSolarSystemApp/Info.plist;
				LD_RUNPATH_SEARCH_PATHS = (
					"$(inherited)",
					"@executable_path/Frameworks",
				);
				PRODUCT_BUNDLE_IDENTIFIER = com.ARSolarSystemApp;
				PRODUCT_NAME = "$(TARGET_NAME)";
				PROVISIONING_PROFILE_SPECIFIER = "";
				SWIFT_VERSION = 5.0;
				TARGETED_DEVICE_FAMILY = 1;
			};
			name = Release;
		};
/* End XCBuildConfiguration section */

/* Begin XCConfigurationList section */
		BCFC32BA24A665BD00F761DC /* Build configuration list for PBXProject "ARSolarSystemApp" */ = {
			isa = XCConfigurationList;
			buildConfigurations = (
				BCFC32D124A665BF00F761DC /* Debug */,
				BCFC32D224A665BF00F761DC /* Release */,
			);
			defaultConfigurationIsVisible = 0;
			defaultConfigurationName = Release;
		};
		BCFC32D324A665BF00F761DC /* Build configuration list for PBXNativeTarget "ARSolarSystemApp" */ = {
			isa = XCConfigurationList;
			buildConfigurations = (
				BCFC32D424A665BF00F761DC /* Debug */,
				BCFC32D524A665BF00F761DC /* Release */,
			);
			defaultConfigurationIsVisible = 0;
			defaultConfigurationName = Release;
		};
/* End XCConfigurationList section */
	};
	rootObject = BCFC32B724A665BD00F761DC /* Project object */;
}
